# This file is automatically @generated by Poetry 1.4.2 and should not be changed by hand.

[[package]]
name = "lib2"
version = "0.1.0"
description = ""
category = "main"
optional = false
python-versions = "^3.9"
files = []
develop = false

[package.source]
type = "directory"
url = "../lib2"

[[package]]
name = "shared-lib"
version = "0.1.0"
description = ""
category = "main"
optional = false
python-versions = "^3.9"
files = []
develop = false

[package.source]
type = "directory"
url = "../shared_lib"

[metadata]
lock-version = "2.0"
python-versions = "^3.9"
content-hash = "0e9d1ea81bbd309701d35b0edd9932fe2315287c1ffdb1c16242f184c0c2c9f4"
