# This file is automatically @generated by Poetry 1.4.2 and should not be changed by hand.

[[package]]
name = "lib1"
version = "0.1.0"
description = ""
category = "main"
optional = false
python-versions = "^3.9"
files = []
develop = false

[package.source]
type = "directory"
url = "../lib1"

[[package]]
name = "shared-lib"
version = "0.1.0"
description = ""
category = "main"
optional = false
python-versions = "^3.9"
files = []
develop = false

[package.source]
type = "directory"
url = "../shared_lib"

[metadata]
lock-version = "2.0"
python-versions = "^3.9"
content-hash = "2d3dfac768783d0ec0b81a011922f1c65368dac4c979add89e8b42106baa014c"
